
Microsoft Visual Studio Solution File, Format Version 12.00
# Visual Studio Version 17
VisualStudioVersion = 17.8.34330.188
MinimumVisualStudioVersion = 10.0.40219.1
Project("{FAE04EC0-301F-11D3-BF4B-00C04F79EFBC}") = "CodePulse.API", "CodePulse.API\CodePulse.API.csproj", "{50B438DD-7253-475B-91D5-DEB8C5D710AD}"
EndProject
Global
	GlobalSection(SolutionConfigurationPlatforms) = preSolution
		Debug|Any CPU = Debug|Any CPU
		Release|Any CPU = Release|Any CPU
	EndGlobalSection
	GlobalSection(ProjectConfigurationPlatforms) = postSolution
		{50B438DD-7253-475B-91D5-DEB8C5D710AD}.Debug|Any CPU.ActiveCfg = Debug|Any CPU
		{50B438DD-7253-475B-91D5-DEB8C5D710AD}.Debug|Any CPU.Build.0 = Debug|Any CPU
		{50B438DD-7253-475B-91D5-DEB8C5D710AD}.Release|Any CPU.ActiveCfg = Release|Any CPU
		{50B438DD-7253-475B-91D5-DEB8C5D710AD}.Release|Any CPU.Build.0 = Release|Any CPU
	EndGlobalSection
	GlobalSection(SolutionProperties) = preSolution
		HideSolutionNode = FALSE
	EndGlobalSection
	GlobalSection(ExtensibilityGlobals) = postSolution
		SolutionGuid = {6A79FD18-96D4-46C2-A8D5-4C89EF7C4AAF}
	EndGlobalSection
EndGlobal
